{
  "nodes": {
    "flake-compat": {
      "flake": false,
      "locked": {
        "lastModified": 1696426674,
        "narHash": "sha256-kvjfFW7WAETZlt09AgDn1MrtKzP7t90Vf7vypd3OL1U=",
        "owner": "edolstra",
        "repo": "flake-compat",
        "rev": "0f9255e01c2351cc7d116c072cb317785dd33b33",
        "type": "github"
      },
      "original": {
        "owner": "edolstra",
        "repo": "flake-compat",
        "type": "github"
      }
    },
    "flake-utils": {
      "inputs": {
        "systems": "systems"
      },
      "locked": {
        "lastModified": 1731533236,
        "narHash": "sha256-l0KFg5HjrsfsO/JpG+r7fRrqm12kzFHyUHqHCVpMMbI=",
        "owner": "numtide",
        "repo": "flake-utils",
        "rev": "11707dc2f618dd54ca8739b309ec4fc024de578b",
        "type": "github"
      },
      "original": {
        "owner": "numtide",
        "repo": "flake-utils",
        "type": "github"
      }
    },
    "gitignore": {
      "inputs": {
        "nixpkgs": [
          "taffybar",
          "weeder-nix",
          "pre-commit-hooks",
          "nixpkgs"
        ]
      },
      "locked": {
        "lastModified": 1709087332,
        "narHash": "sha256-HG2cCnktfHsKV0s4XW83gU3F57gaTljL9KNSuG6bnQs=",
        "owner": "hercules-ci",
        "repo": "gitignore.nix",
        "rev": "637db329424fd7e46cf4185293b9cc8c88c95394",
        "type": "github"
      },
      "original": {
        "owner": "hercules-ci",
        "repo": "gitignore.nix",
        "type": "github"
      }
    },
    "nixpkgs": {
      "locked": {
        "lastModified": 1776877367,
        "narHash": "sha256-EHq1/OX139R1RvBzOJ0aMRT3xnWyqtHBRUBuO1gFzjI=",
        "owner": "NixOS",
        "repo": "nixpkgs",
        "rev": "0726a0ecb6d4e08f6adced58726b95db924cef57",
        "type": "github"
      },
      "original": {
        "owner": "NixOS",
        "ref": "nixos-unstable",
        "repo": "nixpkgs",
        "type": "github"
      }
    },
    "pre-commit-hooks": {
      "inputs": {
        "flake-compat": "flake-compat",
        "gitignore": "gitignore",
        "nixpkgs": [
          "nixpkgs"
        ]
      },
      "locked": {
        "lastModified": 1747372754,
        "narHash": "sha256-2Y53NGIX2vxfie1rOW0Qb86vjRZ7ngizoo+bnXU9D9k=",
        "owner": "cachix",
        "repo": "pre-commit-hooks.nix",
        "rev": "80479b6ec16fefd9c1db3ea13aeb038c60530f46",
        "type": "github"
      },
      "original": {
        "owner": "cachix",
        "repo": "pre-commit-hooks.nix",
        "type": "github"
      }
    },
    "root": {
      "inputs": {
        "flake-utils": [
          "taffybar",
          "flake-utils"
        ],
        "nixpkgs": [
          "taffybar",
          "nixpkgs"
        ],
        "taffybar": "taffybar",
        "xmonad": [
          "taffybar",
          "xmonad"
        ]
      }
    },
    "systems": {
      "locked": {
        "lastModified": 1681028828,
        "narHash": "sha256-Vy1rq5AaRuLzOxct8nz4T6wlgyUR7zLU309k9mBC768=",
        "owner": "nix-systems",
        "repo": "default",
        "rev": "da67096a3b9bf56a91d16901293e51ba5b49a27e",
        "type": "github"
      },
      "original": {
        "owner": "nix-systems",
        "repo": "default",
        "type": "github"
      }
    },
    "taffybar": {
      "inputs": {
        "flake-utils": "flake-utils",
        "nixpkgs": "nixpkgs",
        "weeder-nix": "weeder-nix",
        "xmonad": "xmonad",
        "xmonad-contrib": "xmonad-contrib"
      },
      "locked": {
        "lastModified": 1777907539,
        "narHash": "sha256-uKS0I0T4Hh62DCypsO9mTRZQHITklb0wPZ+t4loouHk=",
        "owner": "taffybar",
        "repo": "taffybar",
        "rev": "bd89ce305958cce1cdc0ac0b1ec386903feefc00",
        "type": "github"
      },
      "original": {
        "owner": "taffybar",
        "repo": "taffybar",
        "type": "github"
      }
    },
    "weeder-nix": {
      "inputs": {
        "nixpkgs": [
          "taffybar",
          "nixpkgs"
        ],
        "pre-commit-hooks": "pre-commit-hooks"
      },
      "locked": {
        "lastModified": 1764753633,
        "narHash": "sha256-6552zbHzdNnkREnOluE6xePIib5cc/8Nc5OnPyHORUo=",
        "owner": "NorfairKing",
        "repo": "weeder-nix",
        "rev": "2203c43ab9f1c4e52c2cff8e3d01bbb53159b922",
        "type": "github"
      },
      "original": {
        "owner": "NorfairKing",
        "repo": "weeder-nix",
        "type": "github"
      }
    },
    "xmonad": {
      "flake": false,
      "locked": {
        "lastModified": 1776502138,
        "narHash": "sha256-mSOpNU1iJvfFh5uwayA6aPxneFMduNW1kG1gV2tGE+c=",
        "owner": "xmonad",
        "repo": "xmonad",
        "rev": "a618fb32662e44eb5d8276a3dc1925b0233e638b",
        "type": "github"
      },
      "original": {
        "owner": "xmonad",
        "ref": "master",
        "repo": "xmonad",
        "type": "github"
      }
    },
    "xmonad-contrib": {
      "flake": false,
      "locked": {
        "lastModified": 1769258911,
        "narHash": "sha256-YGEKXs4UmS5QOIELJTdCiMzTktuue+Bd3yFoIKSHuBU=",
        "owner": "xmonad",
        "repo": "xmonad-contrib",
        "rev": "803bc3d12bdcc512ec06856c4f119d37de1ba338",
        "type": "github"
      },
      "original": {
        "owner": "xmonad",
        "ref": "master",
        "repo": "xmonad-contrib",
        "type": "github"
      }
    }
  },
  "root": "root",
  "version": 7
}
