{
  "nodes": {
    "flake-compat": {
      "flake": false,
      "locked": {
        "lastModified": 1673956053,
        "narHash": "sha256-4gtG9iQuiKITOjNQQeQIpoIB6b16fm+504Ch3sNKLd8=",
        "owner": "edolstra",
        "repo": "flake-compat",
        "rev": "35bb57c0c8d8b62bbfd284272c928ceb64ddbde9",
        "type": "github"
      },
      "original": {
        "owner": "edolstra",
        "repo": "flake-compat",
        "type": "github"
      }
    },
    "flake-utils": {
      "inputs": {
        "systems": [
          "systems"
        ]
      },
      "locked": {
        "lastModified": 1687709756,
        "narHash": "sha256-Y5wKlQSkgEK2weWdOu4J3riRd+kV/VCgHsqLNTTWQ/0=",
        "owner": "numtide",
        "repo": "flake-utils",
        "rev": "dbabf0ca0c0c4bce6ea5eaf65af5cb694d2082c7",
        "type": "github"
      },
      "original": {
        "owner": "numtide",
        "repo": "flake-utils",
        "type": "github"
      }
    },
    "git-ignore-nix": {
      "inputs": {
        "nixpkgs": [
          "nixpkgs"
        ]
      },
      "locked": {
        "lastModified": 1660459072,
        "narHash": "sha256-8DFJjXG8zqoONA1vXtgeKXy68KdJL5UaXR8NtVMUbx8=",
        "owner": "hercules-ci",
        "repo": "gitignore.nix",
        "rev": "a20de23b925fd8264fd7fad6454652e142fd7f73",
        "type": "github"
      },
      "original": {
        "owner": "hercules-ci",
        "repo": "gitignore.nix",
        "type": "github"
      }
    },
    "gtk-sni-tray": {
      "inputs": {
        "flake-utils": [
          "flake-utils"
        ],
        "git-ignore-nix": [
          "git-ignore-nix"
        ],
        "nixpkgs": [
          "nixpkgs"
        ],
        "status-notifier-item": [
          "status-notifier-item"
        ]
      },
      "locked": {
        "lastModified": 1663379298,
        "narHash": "sha256-m18+G7V1N+g/pPeKJG9hkblGA5c8QTnUYnsU5t14sOw=",
        "owner": "taffybar",
        "repo": "gtk-sni-tray",
        "rev": "1927d86308d34b5d21a709cf8ff5332ec5d37de4",
        "type": "github"
      },
      "original": {
        "owner": "taffybar",
        "repo": "gtk-sni-tray",
        "type": "github"
      }
    },
    "gtk-strut": {
      "inputs": {
        "flake-utils": [
          "flake-utils"
        ],
        "git-ignore-nix": [
          "git-ignore-nix"
        ],
        "nixpkgs": [
          "nixpkgs"
        ]
      },
      "locked": {
        "lastModified": 1663377859,
        "narHash": "sha256-UrBd+R3NaJIDC2lt5gMafS3KBeLs83emm2YorX2cFCo=",
        "owner": "taffybar",
        "repo": "gtk-strut",
        "rev": "d946eb230cdccf5afc063642b3215723e555990b",
        "type": "github"
      },
      "original": {
        "owner": "taffybar",
        "repo": "gtk-strut",
        "type": "github"
      }
    },
    "home-manager": {
      "inputs": {
        "nixpkgs": [
          "nixpkgs"
        ]
      },
      "locked": {
        "lastModified": 1687969886,
        "narHash": "sha256-tC2qFLmuM0PFaw0tMHVcFmzsG/351q09qa1EpuL2n1U=",
        "owner": "nix-community",
        "repo": "home-manager",
        "rev": "a7002d6bfca54742d5fc9b485a1879953b4585b9",
        "type": "github"
      },
      "original": {
        "owner": "nix-community",
        "repo": "home-manager",
        "type": "github"
      }
    },
    "imalison-taffybar": {
      "inputs": {
        "flake-utils": [
          "flake-utils"
        ],
        "nixpkgs": [
          "nixpkgs"
        ],
        "taffybar": [
          "taffybar"
        ],
        "xmonad": [
          "xmonad"
        ]
      },
      "locked": {
        "lastModified": 1,
        "narHash": "sha256-jXsF8mdwodVLK6tM9iA7Ce4jxpkhnkjeAsvirfHHWlc=",
        "path": "../../dotfiles/config/taffybar",
        "type": "path"
      },
      "original": {
        "path": "../../dotfiles/config/taffybar",
        "type": "path"
      }
    },
    "lowdown-src": {
      "flake": false,
      "locked": {
        "lastModified": 1633514407,
        "narHash": "sha256-Dw32tiMjdK9t3ETl5fzGrutQTzh2rufgZV4A/BbxuD4=",
        "owner": "kristapsdz",
        "repo": "lowdown",
        "rev": "d2c2b44ff6c27b936ec27358a2653caaef8f73b8",
        "type": "github"
      },
      "original": {
        "owner": "kristapsdz",
        "repo": "lowdown",
        "type": "github"
      }
    },
    "nix": {
      "inputs": {
        "flake-compat": "flake-compat",
        "lowdown-src": "lowdown-src",
        "nixpkgs": [
          "nixpkgs"
        ],
        "nixpkgs-regression": "nixpkgs-regression"
      },
      "locked": {
        "lastModified": 1687315983,
        "narHash": "sha256-a+ov9nNzb1VAm8GtdHtWEZJYiafacMkio1neCGZr61k=",
        "owner": "IvanMalison",
        "repo": "nix",
        "rev": "93b3147f34d0f48ea4a95f45a77639bdc602ebd1",
        "type": "github"
      },
      "original": {
        "owner": "IvanMalison",
        "repo": "nix",
        "type": "github"
      }
    },
    "nixos-hardware": {
      "locked": {
        "lastModified": 1686838567,
        "narHash": "sha256-aqKCUD126dRlVSKV6vWuDCitfjFrZlkwNuvj5LtjRRU=",
        "owner": "NixOS",
        "repo": "nixos-hardware",
        "rev": "429f232fe1dc398c5afea19a51aad6931ee0fb89",
        "type": "github"
      },
      "original": {
        "owner": "NixOS",
        "repo": "nixos-hardware",
        "type": "github"
      }
    },
    "nixpkgs": {
      "locked": {
        "lastModified": 1687898314,
        "narHash": "sha256-B4BHon3uMXQw8ZdbwxRK1BmxVOGBV4viipKpGaIlGwk=",
        "owner": "NixOS",
        "repo": "nixpkgs",
        "rev": "e18dc963075ed115afb3e312b64643bf8fd4b474",
        "type": "github"
      },
      "original": {
        "owner": "NixOS",
        "ref": "nixos-unstable",
        "repo": "nixpkgs",
        "type": "github"
      }
    },
    "nixpkgs-regression": {
      "locked": {
        "lastModified": 1643052045,
        "narHash": "sha256-uGJ0VXIhWKGXxkeNnq4TvV3CIOkUJ3PAoLZ3HMzNVMw=",
        "owner": "NixOS",
        "repo": "nixpkgs",
        "rev": "215d4d0fd80ca5163643b03a33fde804a29cc1e2",
        "type": "github"
      },
      "original": {
        "owner": "NixOS",
        "repo": "nixpkgs",
        "rev": "215d4d0fd80ca5163643b03a33fde804a29cc1e2",
        "type": "github"
      }
    },
    "nixpkgs-regression_2": {
      "locked": {
        "lastModified": 1688001024,
        "narHash": "sha256-Zf88j+DUj6rDgveWfdEyUo4fL1KZTowzPAN6gpeqzKg=",
        "owner": "NixOS",
        "repo": "nixpkgs",
        "rev": "2c8591ad6a6f9d679817a94f847c59b0d1e3289e",
        "type": "github"
      },
      "original": {
        "owner": "NixOS",
        "repo": "nixpkgs",
        "type": "github"
      }
    },
    "notifications-tray-icon": {
      "inputs": {
        "flake-utils": [
          "flake-utils"
        ],
        "git-ignore-nix": [
          "git-ignore-nix"
        ],
        "nixpkgs": [
          "nixpkgs"
        ]
      },
      "locked": {
        "lastModified": 1627789093,
        "narHash": "sha256-rnQ7vDF9g2xqRpw62lkCyxBiq6cXhWgfoF7lx1WoNMI=",
        "owner": "IvanMalison",
        "repo": "notifications-tray-icon",
        "rev": "2fd47641d0cb046c78de9b4577cb30bc49e607ea",
        "type": "github"
      },
      "original": {
        "owner": "IvanMalison",
        "repo": "notifications-tray-icon",
        "type": "github"
      }
    },
    "root": {
      "inputs": {
        "flake-utils": "flake-utils",
        "git-ignore-nix": "git-ignore-nix",
        "gtk-sni-tray": "gtk-sni-tray",
        "gtk-strut": "gtk-strut",
        "home-manager": "home-manager",
        "imalison-taffybar": "imalison-taffybar",
        "nix": "nix",
        "nixos-hardware": "nixos-hardware",
        "nixpkgs": "nixpkgs",
        "nixpkgs-regression": "nixpkgs-regression_2",
        "notifications-tray-icon": "notifications-tray-icon",
        "status-notifier-item": "status-notifier-item",
        "systems": "systems",
        "taffybar": "taffybar",
        "xmonad": "xmonad",
        "xmonad-contrib": "xmonad-contrib"
      }
    },
    "status-notifier-item": {
      "inputs": {
        "flake-utils": [
          "flake-utils"
        ],
        "git-ignore-nix": [
          "git-ignore-nix"
        ],
        "nixpkgs": [
          "nixpkgs"
        ]
      },
      "locked": {
        "lastModified": 1641783528,
        "narHash": "sha256-wJymJfYPFj4/r1e4kT/wt9FEsyCXo5JkkcOoozpuhag=",
        "owner": "taffybar",
        "repo": "status-notifier-item",
        "rev": "f4f9c66ab57fc42eeed0de8cfac9f5f9d30d9dc7",
        "type": "github"
      },
      "original": {
        "owner": "taffybar",
        "repo": "status-notifier-item",
        "type": "github"
      }
    },
    "systems": {
      "locked": {
        "lastModified": 1681028828,
        "narHash": "sha256-Vy1rq5AaRuLzOxct8nz4T6wlgyUR7zLU309k9mBC768=",
        "owner": "nix-systems",
        "repo": "default",
        "rev": "da67096a3b9bf56a91d16901293e51ba5b49a27e",
        "type": "github"
      },
      "original": {
        "owner": "nix-systems",
        "repo": "default",
        "type": "github"
      }
    },
    "taffybar": {
      "inputs": {
        "flake-utils": [
          "flake-utils"
        ],
        "git-ignore-nix": [
          "git-ignore-nix"
        ],
        "gtk-sni-tray": [
          "gtk-sni-tray"
        ],
        "gtk-strut": [
          "gtk-strut"
        ],
        "nixpkgs": [
          "nixpkgs"
        ],
        "xmonad": [
          "xmonad"
        ]
      },
      "locked": {
        "lastModified": 1685567526,
        "narHash": "sha256-JvoCkRmKzdJwoHL+m29W845eJmp4bRdlYiqUabHvzhY=",
        "owner": "taffybar",
        "repo": "taffybar",
        "rev": "741995d09da1264da669d69c6c26fe4575c5d4ba",
        "type": "github"
      },
      "original": {
        "owner": "taffybar",
        "ref": "master",
        "repo": "taffybar",
        "type": "github"
      }
    },
    "unstable": {
      "locked": {
        "lastModified": 1687898314,
        "narHash": "sha256-B4BHon3uMXQw8ZdbwxRK1BmxVOGBV4viipKpGaIlGwk=",
        "owner": "NixOS",
        "repo": "nixpkgs",
        "rev": "e18dc963075ed115afb3e312b64643bf8fd4b474",
        "type": "github"
      },
      "original": {
        "owner": "NixOS",
        "ref": "nixos-unstable",
        "repo": "nixpkgs",
        "type": "github"
      }
    },
    "xmonad": {
      "inputs": {
        "flake-utils": [
          "flake-utils"
        ],
        "git-ignore-nix": [
          "git-ignore-nix"
        ],
        "nixpkgs": [
          "nixpkgs"
        ],
        "unstable": "unstable"
      },
      "locked": {
        "lastModified": 1663511234,
        "narHash": "sha256-gyIoxSygmW/d29P45kq/V1LlLlJ8jkT2D7O0OtdPcSc=",
        "owner": "IvanMalison",
        "repo": "xmonad",
        "rev": "a2259bb3091429f4293d371e13fd5a2ee8da30db",
        "type": "github"
      },
      "original": {
        "owner": "IvanMalison",
        "ref": "master",
        "repo": "xmonad",
        "type": "github"
      }
    },
    "xmonad-contrib": {
      "inputs": {
        "flake-utils": [
          "flake-utils"
        ],
        "git-ignore-nix": [
          "git-ignore-nix"
        ],
        "nixpkgs": [
          "nixpkgs"
        ],
        "xmonad": [
          "xmonad"
        ]
      },
      "locked": {
        "lastModified": 1686731483,
        "narHash": "sha256-gARNKrY2Eud5BlW8CyJVJ29owfNLZRF3Ov/QMGjCItc=",
        "owner": "IvanMalison",
        "repo": "xmonad-contrib",
        "rev": "ac9bc49022ca7d1076d00ab87e7ecc45216117b8",
        "type": "github"
      },
      "original": {
        "owner": "IvanMalison",
        "ref": "withMyChanges",
        "repo": "xmonad-contrib",
        "type": "github"
      }
    }
  },
  "root": "root",
  "version": 7
}
