{
  "nodes": {
    "agenix": {
      "inputs": {
        "darwin": "darwin",
        "home-manager": "home-manager",
        "nixpkgs": "nixpkgs"
      },
      "locked": {
        "lastModified": 1701216516,
        "narHash": "sha256-jKSeJn+7hZ1dZdiH1L+NWUGT2i/BGomKAJ54B9kT06Q=",
        "owner": "ryantm",
        "repo": "agenix",
        "rev": "13ac9ac6d68b9a0896e3d43a082947233189e247",
        "type": "github"
      },
      "original": {
        "owner": "ryantm",
        "repo": "agenix",
        "type": "github"
      }
    },
    "darwin": {
      "inputs": {
        "nixpkgs": [
          "agenix",
          "nixpkgs"
        ]
      },
      "locked": {
        "lastModified": 1673295039,
        "narHash": "sha256-AsdYgE8/GPwcelGgrntlijMg4t3hLFJFCRF3tL5WVjA=",
        "owner": "lnl7",
        "repo": "nix-darwin",
        "rev": "87b9d090ad39b25b2400029c64825fc2a8868943",
        "type": "github"
      },
      "original": {
        "owner": "lnl7",
        "ref": "master",
        "repo": "nix-darwin",
        "type": "github"
      }
    },
    "flake-compat": {
      "flake": false,
      "locked": {
        "lastModified": 1673956053,
        "narHash": "sha256-4gtG9iQuiKITOjNQQeQIpoIB6b16fm+504Ch3sNKLd8=",
        "owner": "edolstra",
        "repo": "flake-compat",
        "rev": "35bb57c0c8d8b62bbfd284272c928ceb64ddbde9",
        "type": "github"
      },
      "original": {
        "owner": "edolstra",
        "repo": "flake-compat",
        "type": "github"
      }
    },
    "flake-compat_2": {
      "flake": false,
      "locked": {
        "lastModified": 1696426674,
        "narHash": "sha256-kvjfFW7WAETZlt09AgDn1MrtKzP7t90Vf7vypd3OL1U=",
        "owner": "edolstra",
        "repo": "flake-compat",
        "rev": "0f9255e01c2351cc7d116c072cb317785dd33b33",
        "type": "github"
      },
      "original": {
        "owner": "edolstra",
        "repo": "flake-compat",
        "type": "github"
      }
    },
    "flake-compat_3": {
      "flake": false,
      "locked": {
        "lastModified": 1673956053,
        "narHash": "sha256-4gtG9iQuiKITOjNQQeQIpoIB6b16fm+504Ch3sNKLd8=",
        "owner": "edolstra",
        "repo": "flake-compat",
        "rev": "35bb57c0c8d8b62bbfd284272c928ceb64ddbde9",
        "type": "github"
      },
      "original": {
        "owner": "edolstra",
        "repo": "flake-compat",
        "type": "github"
      }
    },
    "flake-compat_4": {
      "flake": false,
      "locked": {
        "lastModified": 1673956053,
        "narHash": "sha256-4gtG9iQuiKITOjNQQeQIpoIB6b16fm+504Ch3sNKLd8=",
        "owner": "edolstra",
        "repo": "flake-compat",
        "rev": "35bb57c0c8d8b62bbfd284272c928ceb64ddbde9",
        "type": "github"
      },
      "original": {
        "owner": "edolstra",
        "repo": "flake-compat",
        "type": "github"
      }
    },
    "flake-parts": {
      "inputs": {
        "nixpkgs-lib": [
          "nixified-ai",
          "nixpkgs"
        ]
      },
      "locked": {
        "lastModified": 1698882062,
        "narHash": "sha256-HkhafUayIqxXyHH1X8d9RDl1M2CkFgZLjKD3MzabiEo=",
        "owner": "hercules-ci",
        "repo": "flake-parts",
        "rev": "8c9fa2545007b49a5db5f650ae91f227672c3877",
        "type": "github"
      },
      "original": {
        "owner": "hercules-ci",
        "repo": "flake-parts",
        "type": "github"
      }
    },
    "flake-parts_2": {
      "inputs": {
        "nixpkgs-lib": [
          "nixified-ai",
          "hercules-ci-effects",
          "nixpkgs"
        ]
      },
      "locked": {
        "lastModified": 1696343447,
        "narHash": "sha256-B2xAZKLkkeRFG5XcHHSXXcP7To9Xzr59KXeZiRf4vdQ=",
        "owner": "hercules-ci",
        "repo": "flake-parts",
        "rev": "c9afaba3dfa4085dbd2ccb38dfade5141e33d9d4",
        "type": "github"
      },
      "original": {
        "id": "flake-parts",
        "type": "indirect"
      }
    },
    "flake-utils": {
      "inputs": {
        "systems": [
          "systems"
        ]
      },
      "locked": {
        "lastModified": 1701680307,
        "narHash": "sha256-kAuep2h5ajznlPMD9rnQyffWG8EM/C73lejGofXvdM8=",
        "owner": "numtide",
        "repo": "flake-utils",
        "rev": "4022d587cbbfd70fe950c1e2083a02621806a725",
        "type": "github"
      },
      "original": {
        "owner": "numtide",
        "repo": "flake-utils",
        "type": "github"
      }
    },
    "flake-utils_2": {
      "inputs": {
        "systems": "systems"
      },
      "locked": {
        "lastModified": 1701680307,
        "narHash": "sha256-kAuep2h5ajznlPMD9rnQyffWG8EM/C73lejGofXvdM8=",
        "owner": "numtide",
        "repo": "flake-utils",
        "rev": "4022d587cbbfd70fe950c1e2083a02621806a725",
        "type": "github"
      },
      "original": {
        "owner": "numtide",
        "repo": "flake-utils",
        "type": "github"
      }
    },
    "flake-utils_3": {
      "inputs": {
        "systems": "systems_2"
      },
      "locked": {
        "lastModified": 1685518550,
        "narHash": "sha256-o2d0KcvaXzTrPRIo0kOLV0/QXHhDQ5DTi+OxcjO8xqY=",
        "owner": "numtide",
        "repo": "flake-utils",
        "rev": "a1720a10a6cfe8234c0e93907ffe81be440f4cef",
        "type": "github"
      },
      "original": {
        "owner": "numtide",
        "repo": "flake-utils",
        "type": "github"
      }
    },
    "flake-utils_4": {
      "inputs": {
        "systems": "systems_4"
      },
      "locked": {
        "lastModified": 1685518550,
        "narHash": "sha256-o2d0KcvaXzTrPRIo0kOLV0/QXHhDQ5DTi+OxcjO8xqY=",
        "owner": "numtide",
        "repo": "flake-utils",
        "rev": "a1720a10a6cfe8234c0e93907ffe81be440f4cef",
        "type": "github"
      },
      "original": {
        "owner": "numtide",
        "repo": "flake-utils",
        "type": "github"
      }
    },
    "flake-utils_5": {
      "inputs": {
        "systems": "systems_5"
      },
      "locked": {
        "lastModified": 1681202837,
        "narHash": "sha256-H+Rh19JDwRtpVPAWp64F+rlEtxUWBAQW28eAi3SRSzg=",
        "owner": "numtide",
        "repo": "flake-utils",
        "rev": "cfacdce06f30d2b68473a46042957675eebb3401",
        "type": "github"
      },
      "original": {
        "owner": "numtide",
        "repo": "flake-utils",
        "type": "github"
      }
    },
    "fourmolu-011": {
      "flake": false,
      "locked": {
        "narHash": "sha256-g/yDZXeLCHq/iXoZTaTYSb8l9CMny3AKsRQgWElagZI=",
        "type": "tarball",
        "url": "https://hackage.haskell.org/package/fourmolu-0.11.0.0/fourmolu-0.11.0.0.tar.gz"
      },
      "original": {
        "type": "tarball",
        "url": "https://hackage.haskell.org/package/fourmolu-0.11.0.0/fourmolu-0.11.0.0.tar.gz"
      }
    },
    "fourmolu-011_2": {
      "flake": false,
      "locked": {
        "narHash": "sha256-g/yDZXeLCHq/iXoZTaTYSb8l9CMny3AKsRQgWElagZI=",
        "type": "tarball",
        "url": "https://hackage.haskell.org/package/fourmolu-0.11.0.0/fourmolu-0.11.0.0.tar.gz"
      },
      "original": {
        "type": "tarball",
        "url": "https://hackage.haskell.org/package/fourmolu-0.11.0.0/fourmolu-0.11.0.0.tar.gz"
      }
    },
    "fourmolu-012": {
      "flake": false,
      "locked": {
        "narHash": "sha256-yru8ls67DMM6WSeVU6xDmmwa48I8S9CUv9NBaxSQ29M=",
        "type": "tarball",
        "url": "https://hackage.haskell.org/package/fourmolu-0.12.0.0/fourmolu-0.12.0.0.tar.gz"
      },
      "original": {
        "type": "tarball",
        "url": "https://hackage.haskell.org/package/fourmolu-0.12.0.0/fourmolu-0.12.0.0.tar.gz"
      }
    },
    "fourmolu-012_2": {
      "flake": false,
      "locked": {
        "narHash": "sha256-yru8ls67DMM6WSeVU6xDmmwa48I8S9CUv9NBaxSQ29M=",
        "type": "tarball",
        "url": "https://hackage.haskell.org/package/fourmolu-0.12.0.0/fourmolu-0.12.0.0.tar.gz"
      },
      "original": {
        "type": "tarball",
        "url": "https://hackage.haskell.org/package/fourmolu-0.12.0.0/fourmolu-0.12.0.0.tar.gz"
      }
    },
    "git-ignore-nix": {
      "inputs": {
        "nixpkgs": [
          "nixpkgs"
        ]
      },
      "locked": {
        "lastModified": 1694102001,
        "narHash": "sha256-vky6VPK1n1od6vXbqzOXnekrQpTL4hbPAwUhT5J9c9E=",
        "owner": "hercules-ci",
        "repo": "gitignore.nix",
        "rev": "9e21c80adf67ebcb077d75bd5e7d724d21eeafd6",
        "type": "github"
      },
      "original": {
        "owner": "hercules-ci",
        "repo": "gitignore.nix",
        "type": "github"
      }
    },
    "gitignore": {
      "flake": false,
      "locked": {
        "lastModified": 1660459072,
        "narHash": "sha256-8DFJjXG8zqoONA1vXtgeKXy68KdJL5UaXR8NtVMUbx8=",
        "owner": "hercules-ci",
        "repo": "gitignore.nix",
        "rev": "a20de23b925fd8264fd7fad6454652e142fd7f73",
        "type": "github"
      },
      "original": {
        "owner": "hercules-ci",
        "repo": "gitignore.nix",
        "type": "github"
      }
    },
    "gitignore_2": {
      "flake": false,
      "locked": {
        "lastModified": 1660459072,
        "narHash": "sha256-8DFJjXG8zqoONA1vXtgeKXy68KdJL5UaXR8NtVMUbx8=",
        "owner": "hercules-ci",
        "repo": "gitignore.nix",
        "rev": "a20de23b925fd8264fd7fad6454652e142fd7f73",
        "type": "github"
      },
      "original": {
        "owner": "hercules-ci",
        "repo": "gitignore.nix",
        "type": "github"
      }
    },
    "gtk-sni-tray": {
      "inputs": {
        "flake-utils": [
          "flake-utils"
        ],
        "git-ignore-nix": [
          "git-ignore-nix"
        ],
        "nixpkgs": [
          "nixpkgs"
        ],
        "status-notifier-item": [
          "status-notifier-item"
        ]
      },
      "locked": {
        "lastModified": 1663379298,
        "narHash": "sha256-m18+G7V1N+g/pPeKJG9hkblGA5c8QTnUYnsU5t14sOw=",
        "owner": "taffybar",
        "repo": "gtk-sni-tray",
        "rev": "1927d86308d34b5d21a709cf8ff5332ec5d37de4",
        "type": "github"
      },
      "original": {
        "owner": "taffybar",
        "repo": "gtk-sni-tray",
        "type": "github"
      }
    },
    "gtk-strut": {
      "inputs": {
        "flake-utils": [
          "flake-utils"
        ],
        "git-ignore-nix": [
          "git-ignore-nix"
        ],
        "nixpkgs": [
          "nixpkgs"
        ]
      },
      "locked": {
        "lastModified": 1663377859,
        "narHash": "sha256-UrBd+R3NaJIDC2lt5gMafS3KBeLs83emm2YorX2cFCo=",
        "owner": "taffybar",
        "repo": "gtk-strut",
        "rev": "d946eb230cdccf5afc063642b3215723e555990b",
        "type": "github"
      },
      "original": {
        "owner": "taffybar",
        "repo": "gtk-strut",
        "type": "github"
      }
    },
    "haskell-hie-bios": {
      "flake": false,
      "locked": {
        "lastModified": 1686930638,
        "narHash": "sha256-gfcxxHtZ2jUsiKNn/O4jEkfWF/2H04aTnaIvPDbtNlQ=",
        "owner": "haskell",
        "repo": "hie-bios",
        "rev": "3d4fadfb0dc44cb287db9897ecfb503899d33513",
        "type": "github"
      },
      "original": {
        "owner": "haskell",
        "repo": "hie-bios",
        "type": "github"
      }
    },
    "haskell-hie-bios_2": {
      "flake": false,
      "locked": {
        "lastModified": 1686930638,
        "narHash": "sha256-gfcxxHtZ2jUsiKNn/O4jEkfWF/2H04aTnaIvPDbtNlQ=",
        "owner": "haskell",
        "repo": "hie-bios",
        "rev": "3d4fadfb0dc44cb287db9897ecfb503899d33513",
        "type": "github"
      },
      "original": {
        "owner": "haskell",
        "repo": "hie-bios",
        "type": "github"
      }
    },
    "haskell-implicit-hie-cradle": {
      "flake": false,
      "locked": {
        "lastModified": 1686495518,
        "narHash": "sha256-OAe+zOkMZuoTfVEMnxnCT1cmPgRF/riAR8nVdomnwxo=",
        "owner": "smunix",
        "repo": "implicit-hie-cradle",
        "rev": "d6aa00355898469af56cfd5e62f7fc8bd9959ded",
        "type": "github"
      },
      "original": {
        "owner": "smunix",
        "ref": "smunix-patch-hls-0.5-1",
        "repo": "implicit-hie-cradle",
        "type": "github"
      }
    },
    "haskell-implicit-hie-cradle_2": {
      "flake": false,
      "locked": {
        "lastModified": 1686495518,
        "narHash": "sha256-OAe+zOkMZuoTfVEMnxnCT1cmPgRF/riAR8nVdomnwxo=",
        "owner": "smunix",
        "repo": "implicit-hie-cradle",
        "rev": "d6aa00355898469af56cfd5e62f7fc8bd9959ded",
        "type": "github"
      },
      "original": {
        "owner": "smunix",
        "ref": "smunix-patch-hls-0.5-1",
        "repo": "implicit-hie-cradle",
        "type": "github"
      }
    },
    "haskell-language-server": {
      "inputs": {
        "flake-compat": "flake-compat_3",
        "flake-utils": "flake-utils_3",
        "fourmolu-011": "fourmolu-011",
        "fourmolu-012": "fourmolu-012",
        "gitignore": "gitignore",
        "haskell-hie-bios": "haskell-hie-bios",
        "haskell-implicit-hie-cradle": "haskell-implicit-hie-cradle",
        "hiedb": "hiedb",
        "hlint-35": "hlint-35",
        "hlint-36": "hlint-36",
        "lsp": "lsp",
        "lsp-test": "lsp-test",
        "lsp-types": "lsp-types",
        "nixpkgs": "nixpkgs_6",
        "ormolu-052": "ormolu-052",
        "ormolu-07": "ormolu-07",
        "stylish-haskell-0145": "stylish-haskell-0145"
      },
      "locked": {
        "lastModified": 1693851896,
        "narHash": "sha256-799JUHpBd2iMRCrTYDme5RsROKnIwSKBe2xYxgVN7QI=",
        "owner": "colonelpanic8",
        "repo": "haskell-language-server",
        "rev": "ea368cef0673059fff95e953ef983109b5979dbc",
        "type": "github"
      },
      "original": {
        "owner": "colonelpanic8",
        "ref": "goto-dependency-definition-2",
        "repo": "haskell-language-server",
        "type": "github"
      }
    },
    "haskell-language-server_2": {
      "inputs": {
        "flake-compat": "flake-compat_4",
        "flake-utils": "flake-utils_4",
        "fourmolu-011": "fourmolu-011_2",
        "fourmolu-012": "fourmolu-012_2",
        "gitignore": "gitignore_2",
        "haskell-hie-bios": "haskell-hie-bios_2",
        "haskell-implicit-hie-cradle": "haskell-implicit-hie-cradle_2",
        "hiedb": "hiedb_2",
        "hlint-35": "hlint-35_2",
        "hlint-36": "hlint-36_2",
        "lsp": "lsp_2",
        "lsp-test": "lsp-test_2",
        "lsp-types": "lsp-types_2",
        "nixpkgs": "nixpkgs_7",
        "ormolu-052": "ormolu-052_2",
        "ormolu-07": "ormolu-07_2",
        "stylish-haskell-0145": "stylish-haskell-0145_2"
      },
      "locked": {
        "lastModified": 1693851896,
        "narHash": "sha256-799JUHpBd2iMRCrTYDme5RsROKnIwSKBe2xYxgVN7QI=",
        "owner": "colonelpanic8",
        "repo": "haskell-language-server",
        "rev": "ea368cef0673059fff95e953ef983109b5979dbc",
        "type": "github"
      },
      "original": {
        "owner": "colonelpanic8",
        "ref": "goto-dependency-definition-2",
        "repo": "haskell-language-server",
        "type": "github"
      }
    },
    "hercules-ci-effects": {
      "inputs": {
        "flake-parts": "flake-parts_2",
        "nixpkgs": [
          "nixified-ai",
          "nixpkgs"
        ]
      },
      "locked": {
        "lastModified": 1699381651,
        "narHash": "sha256-mZlQ54xJs3j5+SJrLhzePPMXzS+Czbx7gNyOnOAQrHA=",
        "owner": "hercules-ci",
        "repo": "hercules-ci-effects",
        "rev": "0bd99f5ab7ec7a74c11238bd02bb29e709c14328",
        "type": "github"
      },
      "original": {
        "owner": "hercules-ci",
        "repo": "hercules-ci-effects",
        "type": "github"
      }
    },
    "hiedb": {
      "flake": false,
      "locked": {
        "lastModified": 1691542357,
        "narHash": "sha256-90ftphhoIo0CklJrjfCGQrZIUKZfdMJ2Og6tep9dmJ8=",
        "owner": "nlander",
        "repo": "HieDb",
        "rev": "4eebfcf8fab54f24808e6301227d77ae64d2509c",
        "type": "github"
      },
      "original": {
        "owner": "nlander",
        "ref": "all-new-functions",
        "repo": "HieDb",
        "type": "github"
      }
    },
    "hiedb_2": {
      "flake": false,
      "locked": {
        "lastModified": 1691542357,
        "narHash": "sha256-90ftphhoIo0CklJrjfCGQrZIUKZfdMJ2Og6tep9dmJ8=",
        "owner": "nlander",
        "repo": "HieDb",
        "rev": "4eebfcf8fab54f24808e6301227d77ae64d2509c",
        "type": "github"
      },
      "original": {
        "owner": "nlander",
        "ref": "all-new-functions",
        "repo": "HieDb",
        "type": "github"
      }
    },
    "hlint-35": {
      "flake": false,
      "locked": {
        "narHash": "sha256-qQNUlQQnahUGEO92Lm0RwjTGBGr2Yaw0KRuFRMoc5No=",
        "type": "tarball",
        "url": "https://hackage.haskell.org/package/hlint-3.5/hlint-3.5.tar.gz"
      },
      "original": {
        "type": "tarball",
        "url": "https://hackage.haskell.org/package/hlint-3.5/hlint-3.5.tar.gz"
      }
    },
    "hlint-35_2": {
      "flake": false,
      "locked": {
        "narHash": "sha256-qQNUlQQnahUGEO92Lm0RwjTGBGr2Yaw0KRuFRMoc5No=",
        "type": "tarball",
        "url": "https://hackage.haskell.org/package/hlint-3.5/hlint-3.5.tar.gz"
      },
      "original": {
        "type": "tarball",
        "url": "https://hackage.haskell.org/package/hlint-3.5/hlint-3.5.tar.gz"
      }
    },
    "hlint-36": {
      "flake": false,
      "locked": {
        "narHash": "sha256-fH4RYnWeuBqJI5d3Ba+Xs0BxYr0IYFH1OWO3k2iHGlU=",
        "type": "tarball",
        "url": "https://hackage.haskell.org/package/hlint-3.6.1/hlint-3.6.1.tar.gz"
      },
      "original": {
        "type": "tarball",
        "url": "https://hackage.haskell.org/package/hlint-3.6.1/hlint-3.6.1.tar.gz"
      }
    },
    "hlint-36_2": {
      "flake": false,
      "locked": {
        "narHash": "sha256-fH4RYnWeuBqJI5d3Ba+Xs0BxYr0IYFH1OWO3k2iHGlU=",
        "type": "tarball",
        "url": "https://hackage.haskell.org/package/hlint-3.6.1/hlint-3.6.1.tar.gz"
      },
      "original": {
        "type": "tarball",
        "url": "https://hackage.haskell.org/package/hlint-3.6.1/hlint-3.6.1.tar.gz"
      }
    },
    "home-manager": {
      "inputs": {
        "nixpkgs": [
          "agenix",
          "nixpkgs"
        ]
      },
      "locked": {
        "lastModified": 1682203081,
        "narHash": "sha256-kRL4ejWDhi0zph/FpebFYhzqlOBrk0Pl3dzGEKSAlEw=",
        "owner": "nix-community",
        "repo": "home-manager",
        "rev": "32d3e39c491e2f91152c84f8ad8b003420eab0a1",
        "type": "github"
      },
      "original": {
        "owner": "nix-community",
        "repo": "home-manager",
        "type": "github"
      }
    },
    "home-manager_2": {
      "inputs": {
        "nixpkgs": [
          "nixpkgs"
        ]
      },
      "locked": {
        "lastModified": 1702814335,
        "narHash": "sha256-Qck7BAMi3eydzT1WFOzp/SgECetyPpOn1dLgmxH2ebQ=",
        "owner": "nix-community",
        "repo": "home-manager",
        "rev": "e4dba0bd01956170667458be7b45f68170a63651",
        "type": "github"
      },
      "original": {
        "owner": "nix-community",
        "repo": "home-manager",
        "type": "github"
      }
    },
    "imalison-taffybar": {
      "inputs": {
        "flake-utils": [
          "flake-utils"
        ],
        "nixpkgs": [
          "nixpkgs"
        ],
        "taffybar": [
          "taffybar"
        ],
        "xmonad": [
          "xmonad"
        ]
      },
      "locked": {
        "lastModified": 1,
        "narHash": "sha256-9mlpz8H063Vu4YJ7Ioj3BRDeeGpX3CBz7xSw3HmAnKc=",
        "path": "../dotfiles/config/taffybar",
        "type": "path"
      },
      "original": {
        "path": "../dotfiles/config/taffybar",
        "type": "path"
      }
    },
    "invokeai-src": {
      "flake": false,
      "locked": {
        "lastModified": 1697424725,
        "narHash": "sha256-y3nxZ4PQ/d2wMX1crpJPDMYXf48YBG0sRIBOTgN6XlI=",
        "owner": "invoke-ai",
        "repo": "InvokeAI",
        "rev": "ad786130ffb11f91cbfcc40846114dd1fdcecdf6",
        "type": "github"
      },
      "original": {
        "owner": "invoke-ai",
        "ref": "v3.3.0post3",
        "repo": "InvokeAI",
        "type": "github"
      }
    },
    "libgit2": {
      "flake": false,
      "locked": {
        "lastModified": 1697646580,
        "narHash": "sha256-oX4Z3S9WtJlwvj0uH9HlYcWv+x1hqp8mhXl7HsLu2f0=",
        "owner": "libgit2",
        "repo": "libgit2",
        "rev": "45fd9ed7ae1a9b74b957ef4f337bc3c8b3df01b5",
        "type": "github"
      },
      "original": {
        "owner": "libgit2",
        "repo": "libgit2",
        "type": "github"
      }
    },
    "lsp": {
      "flake": false,
      "locked": {
        "narHash": "sha256-HcEfdYUrCHufEa+10M2wESjnK41xM/msd+t6r6JwQO0=",
        "type": "tarball",
        "url": "https://hackage.haskell.org/package/lsp-2.2.0.0/lsp-2.2.0.0.tar.gz"
      },
      "original": {
        "type": "tarball",
        "url": "https://hackage.haskell.org/package/lsp-2.2.0.0/lsp-2.2.0.0.tar.gz"
      }
    },
    "lsp-test": {
      "flake": false,
      "locked": {
        "narHash": "sha256-E1D3X2+I9ZTZLpHDEDTXexQFYpyG5byOFRIvRTeBsn8=",
        "type": "tarball",
        "url": "https://hackage.haskell.org/package/lsp-test-0.16.0.0/lsp-test-0.16.0.0.tar.gz"
      },
      "original": {
        "type": "tarball",
        "url": "https://hackage.haskell.org/package/lsp-test-0.16.0.0/lsp-test-0.16.0.0.tar.gz"
      }
    },
    "lsp-test_2": {
      "flake": false,
      "locked": {
        "narHash": "sha256-E1D3X2+I9ZTZLpHDEDTXexQFYpyG5byOFRIvRTeBsn8=",
        "type": "tarball",
        "url": "https://hackage.haskell.org/package/lsp-test-0.16.0.0/lsp-test-0.16.0.0.tar.gz"
      },
      "original": {
        "type": "tarball",
        "url": "https://hackage.haskell.org/package/lsp-test-0.16.0.0/lsp-test-0.16.0.0.tar.gz"
      }
    },
    "lsp-types": {
      "flake": false,
      "locked": {
        "narHash": "sha256-Oa5HuKdsdTSQUKtuSt06zVAq19Qxq5IJZObrnPwlB6s=",
        "type": "tarball",
        "url": "https://hackage.haskell.org/package/lsp-types-2.0.2.0/lsp-types-2.0.2.0.tar.gz"
      },
      "original": {
        "type": "tarball",
        "url": "https://hackage.haskell.org/package/lsp-types-2.0.2.0/lsp-types-2.0.2.0.tar.gz"
      }
    },
    "lsp-types_2": {
      "flake": false,
      "locked": {
        "narHash": "sha256-Oa5HuKdsdTSQUKtuSt06zVAq19Qxq5IJZObrnPwlB6s=",
        "type": "tarball",
        "url": "https://hackage.haskell.org/package/lsp-types-2.0.2.0/lsp-types-2.0.2.0.tar.gz"
      },
      "original": {
        "type": "tarball",
        "url": "https://hackage.haskell.org/package/lsp-types-2.0.2.0/lsp-types-2.0.2.0.tar.gz"
      }
    },
    "lsp_2": {
      "flake": false,
      "locked": {
        "narHash": "sha256-HcEfdYUrCHufEa+10M2wESjnK41xM/msd+t6r6JwQO0=",
        "type": "tarball",
        "url": "https://hackage.haskell.org/package/lsp-2.2.0.0/lsp-2.2.0.0.tar.gz"
      },
      "original": {
        "type": "tarball",
        "url": "https://hackage.haskell.org/package/lsp-2.2.0.0/lsp-2.2.0.0.tar.gz"
      }
    },
    "nix": {
      "inputs": {
        "flake-compat": "flake-compat",
        "libgit2": "libgit2",
        "nixpkgs": "nixpkgs_2",
        "nixpkgs-regression": "nixpkgs-regression"
      },
      "locked": {
        "lastModified": 1702728331,
        "narHash": "sha256-m1vNrjdr8o/+n+WOzmOoWCzo+TQhwoyBnaYpaGpQINs=",
        "owner": "NixOS",
        "repo": "nix",
        "rev": "7f5ed330e40d0aa2a2f907b2d4157329ff953cd2",
        "type": "github"
      },
      "original": {
        "id": "nix",
        "type": "indirect"
      }
    },
    "nixified-ai": {
      "inputs": {
        "flake-parts": "flake-parts",
        "hercules-ci-effects": "hercules-ci-effects",
        "invokeai-src": "invokeai-src",
        "nixpkgs": "nixpkgs_3",
        "textgen-src": "textgen-src"
      },
      "locked": {
        "lastModified": 1701304375,
        "narHash": "sha256-WI/SimUvHPIWFhQTY04+1yCVjZzVjVb28pSE4S2yhFA=",
        "owner": "nixified-ai",
        "repo": "flake",
        "rev": "63339e4c8727578a0fe0f2c63865f60b6e800079",
        "type": "github"
      },
      "original": {
        "owner": "nixified-ai",
        "repo": "flake",
        "type": "github"
      }
    },
    "nixos-hardware": {
      "locked": {
        "lastModified": 1702453208,
        "narHash": "sha256-0wRi9SposfE2wHqjuKt8WO2izKB/ASDOV91URunIqgo=",
        "owner": "NixOS",
        "repo": "nixos-hardware",
        "rev": "7763c6fd1f299cb9361ff2abf755ed9619ef01d6",
        "type": "github"
      },
      "original": {
        "owner": "NixOS",
        "repo": "nixos-hardware",
        "type": "github"
      }
    },
    "nixos-wsl": {
      "inputs": {
        "flake-compat": "flake-compat_2",
        "flake-utils": "flake-utils_2",
        "nixpkgs": "nixpkgs_4"
      },
      "locked": {
        "lastModified": 1702867085,
        "narHash": "sha256-zcKtsexiTURppa7styWbMvrFiIYfoY5mBtWeIlh7YqU=",
        "owner": "nix-community",
        "repo": "NixOS-WSL",
        "rev": "86f3b26038b36603f51e260979a09e9c659415e9",
        "type": "github"
      },
      "original": {
        "owner": "nix-community",
        "repo": "NixOS-WSL",
        "type": "github"
      }
    },
    "nixpkgs": {
      "locked": {
        "lastModified": 1677676435,
        "narHash": "sha256-6FxdcmQr5JeZqsQvfinIMr0XcTyTuR7EXX0H3ANShpQ=",
        "owner": "NixOS",
        "repo": "nixpkgs",
        "rev": "a08d6979dd7c82c4cef0dcc6ac45ab16051c1169",
        "type": "github"
      },
      "original": {
        "owner": "NixOS",
        "ref": "nixos-unstable",
        "repo": "nixpkgs",
        "type": "github"
      }
    },
    "nixpkgs-regression": {
      "locked": {
        "lastModified": 1643052045,
        "narHash": "sha256-uGJ0VXIhWKGXxkeNnq4TvV3CIOkUJ3PAoLZ3HMzNVMw=",
        "owner": "NixOS",
        "repo": "nixpkgs",
        "rev": "215d4d0fd80ca5163643b03a33fde804a29cc1e2",
        "type": "github"
      },
      "original": {
        "owner": "NixOS",
        "repo": "nixpkgs",
        "rev": "215d4d0fd80ca5163643b03a33fde804a29cc1e2",
        "type": "github"
      }
    },
    "nixpkgs-regression_2": {
      "locked": {
        "lastModified": 1702868298,
        "narHash": "sha256-ea5qulrP3imcaITKWDY6yTySYUYd6UxjgbZADh5wTJY=",
        "owner": "NixOS",
        "repo": "nixpkgs",
        "rev": "ca16221251951e9c6261a1a2bb4f9389038d3632",
        "type": "github"
      },
      "original": {
        "owner": "NixOS",
        "repo": "nixpkgs",
        "type": "github"
      }
    },
    "nixpkgs_2": {
      "locked": {
        "lastModified": 1701355166,
        "narHash": "sha256-4V7XMI0Gd+y0zsi++cEHd99u3GNL0xSTGRmiWKzGnUQ=",
        "owner": "NixOS",
        "repo": "nixpkgs",
        "rev": "36c4ac09e9bebcec1fa7b7539cddb0c9e837409c",
        "type": "github"
      },
      "original": {
        "owner": "NixOS",
        "ref": "staging-23.05",
        "repo": "nixpkgs",
        "type": "github"
      }
    },
    "nixpkgs_3": {
      "locked": {
        "lastModified": 1700204040,
        "narHash": "sha256-xSVcS5HBYnD3LTer7Y2K8ZQCDCXMa3QUD1MzRjHzuhI=",
        "owner": "NixOS",
        "repo": "nixpkgs",
        "rev": "c757e9bd77b16ca2e03c89bf8bc9ecb28e0c06ad",
        "type": "github"
      },
      "original": {
        "owner": "NixOS",
        "ref": "nixos-unstable",
        "repo": "nixpkgs",
        "type": "github"
      }
    },
    "nixpkgs_4": {
      "locked": {
        "lastModified": 1702645756,
        "narHash": "sha256-qKI6OR3TYJYQB3Q8mAZ+DG4o/BR9ptcv9UnRV2hzljc=",
        "owner": "NixOS",
        "repo": "nixpkgs",
        "rev": "40c3c94c241286dd2243ea34d3aef8a488f9e4d0",
        "type": "github"
      },
      "original": {
        "owner": "NixOS",
        "ref": "nixos-23.11",
        "repo": "nixpkgs",
        "type": "github"
      }
    },
    "nixpkgs_5": {
      "locked": {
        "lastModified": 1702312524,
        "narHash": "sha256-gkZJRDBUCpTPBvQk25G0B7vfbpEYM5s5OZqghkjZsnE=",
        "owner": "NixOS",
        "repo": "nixpkgs",
        "rev": "a9bf124c46ef298113270b1f84a164865987a91c",
        "type": "github"
      },
      "original": {
        "owner": "NixOS",
        "ref": "nixos-unstable",
        "repo": "nixpkgs",
        "type": "github"
      }
    },
    "nixpkgs_6": {
      "locked": {
        "lastModified": 1686874404,
        "narHash": "sha256-u2Ss8z+sGaVlKtq7sCovQ8WvXY+OoXJmY1zmyxITiaY=",
        "owner": "NixOS",
        "repo": "nixpkgs",
        "rev": "efc10371d5c5b8d2d58bab6c1100753efacfe550",
        "type": "github"
      },
      "original": {
        "owner": "NixOS",
        "ref": "haskell-updates",
        "repo": "nixpkgs",
        "type": "github"
      }
    },
    "nixpkgs_7": {
      "locked": {
        "lastModified": 1686874404,
        "narHash": "sha256-u2Ss8z+sGaVlKtq7sCovQ8WvXY+OoXJmY1zmyxITiaY=",
        "owner": "NixOS",
        "repo": "nixpkgs",
        "rev": "efc10371d5c5b8d2d58bab6c1100753efacfe550",
        "type": "github"
      },
      "original": {
        "owner": "NixOS",
        "ref": "haskell-updates",
        "repo": "nixpkgs",
        "type": "github"
      }
    },
    "nixpkgs_8": {
      "locked": {
        "lastModified": 1682134069,
        "narHash": "sha256-TnI/ZXSmRxQDt2sjRYK/8j8iha4B4zP2cnQCZZ3vp7k=",
        "owner": "NixOS",
        "repo": "nixpkgs",
        "rev": "fd901ef4bf93499374c5af385b2943f5801c0833",
        "type": "github"
      },
      "original": {
        "id": "nixpkgs",
        "type": "indirect"
      }
    },
    "notifications-tray-icon": {
      "inputs": {
        "flake-utils": [
          "flake-utils"
        ],
        "git-ignore-nix": [
          "git-ignore-nix"
        ],
        "haskell-language-server": "haskell-language-server",
        "nixpkgs": [
          "nixpkgs"
        ]
      },
      "locked": {
        "lastModified": 1693926216,
        "narHash": "sha256-Tym0C+4W0o4Hc6kUSQw/3w3Fk0O8HzbTSU2vsQF3XV0=",
        "owner": "IvanMalison",
        "repo": "notifications-tray-icon",
        "rev": "247e9ad3c0dd6daa5caa2ae7556903841a2eff94",
        "type": "github"
      },
      "original": {
        "owner": "IvanMalison",
        "repo": "notifications-tray-icon",
        "type": "github"
      }
    },
    "ormolu-052": {
      "flake": false,
      "locked": {
        "narHash": "sha256-H7eqId488RBRxcf7flgJefAZmRgFJASJva+Oy7GG4q4=",
        "type": "tarball",
        "url": "https://hackage.haskell.org/package/ormolu-0.5.2.0/ormolu-0.5.2.0.tar.gz"
      },
      "original": {
        "type": "tarball",
        "url": "https://hackage.haskell.org/package/ormolu-0.5.2.0/ormolu-0.5.2.0.tar.gz"
      }
    },
    "ormolu-052_2": {
      "flake": false,
      "locked": {
        "narHash": "sha256-H7eqId488RBRxcf7flgJefAZmRgFJASJva+Oy7GG4q4=",
        "type": "tarball",
        "url": "https://hackage.haskell.org/package/ormolu-0.5.2.0/ormolu-0.5.2.0.tar.gz"
      },
      "original": {
        "type": "tarball",
        "url": "https://hackage.haskell.org/package/ormolu-0.5.2.0/ormolu-0.5.2.0.tar.gz"
      }
    },
    "ormolu-07": {
      "flake": false,
      "locked": {
        "narHash": "sha256-5M5gNzSvsiQH1+0oexRByzf5EIET+0BFwR4fLIr2P7g=",
        "type": "tarball",
        "url": "https://hackage.haskell.org/package/ormolu-0.7.1.0/ormolu-0.7.1.0.tar.gz"
      },
      "original": {
        "type": "tarball",
        "url": "https://hackage.haskell.org/package/ormolu-0.7.1.0/ormolu-0.7.1.0.tar.gz"
      }
    },
    "ormolu-07_2": {
      "flake": false,
      "locked": {
        "narHash": "sha256-5M5gNzSvsiQH1+0oexRByzf5EIET+0BFwR4fLIr2P7g=",
        "type": "tarball",
        "url": "https://hackage.haskell.org/package/ormolu-0.7.1.0/ormolu-0.7.1.0.tar.gz"
      },
      "original": {
        "type": "tarball",
        "url": "https://hackage.haskell.org/package/ormolu-0.7.1.0/ormolu-0.7.1.0.tar.gz"
      }
    },
    "root": {
      "inputs": {
        "agenix": "agenix",
        "flake-utils": "flake-utils",
        "git-ignore-nix": "git-ignore-nix",
        "gtk-sni-tray": "gtk-sni-tray",
        "gtk-strut": "gtk-strut",
        "home-manager": "home-manager_2",
        "imalison-taffybar": "imalison-taffybar",
        "nix": "nix",
        "nixified-ai": "nixified-ai",
        "nixos-hardware": "nixos-hardware",
        "nixos-wsl": "nixos-wsl",
        "nixpkgs": "nixpkgs_5",
        "nixpkgs-regression": "nixpkgs-regression_2",
        "notifications-tray-icon": "notifications-tray-icon",
        "status-notifier-item": "status-notifier-item",
        "systems": "systems_3",
        "taffybar": "taffybar",
        "vscode-server": "vscode-server",
        "xmonad": "xmonad",
        "xmonad-contrib": "xmonad-contrib"
      }
    },
    "status-notifier-item": {
      "inputs": {
        "flake-utils": [
          "flake-utils"
        ],
        "git-ignore-nix": [
          "git-ignore-nix"
        ],
        "nixpkgs": [
          "nixpkgs"
        ]
      },
      "locked": {
        "lastModified": 1641783528,
        "narHash": "sha256-wJymJfYPFj4/r1e4kT/wt9FEsyCXo5JkkcOoozpuhag=",
        "owner": "taffybar",
        "repo": "status-notifier-item",
        "rev": "f4f9c66ab57fc42eeed0de8cfac9f5f9d30d9dc7",
        "type": "github"
      },
      "original": {
        "owner": "taffybar",
        "repo": "status-notifier-item",
        "type": "github"
      }
    },
    "status-notifier-item_2": {
      "inputs": {
        "flake-utils": [
          "taffybar",
          "flake-utils"
        ],
        "git-ignore-nix": [
          "taffybar",
          "git-ignore-nix"
        ],
        "nixpkgs": [
          "taffybar",
          "nixpkgs"
        ]
      },
      "locked": {
        "lastModified": 1641783528,
        "narHash": "sha256-wJymJfYPFj4/r1e4kT/wt9FEsyCXo5JkkcOoozpuhag=",
        "owner": "taffybar",
        "repo": "status-notifier-item",
        "rev": "f4f9c66ab57fc42eeed0de8cfac9f5f9d30d9dc7",
        "type": "github"
      },
      "original": {
        "owner": "taffybar",
        "repo": "status-notifier-item",
        "type": "github"
      }
    },
    "stylish-haskell-0145": {
      "flake": false,
      "locked": {
        "narHash": "sha256-EE7RFQ6q4Ek8daRgOpNMGepYLa9o8cM4OLjTNUSHQf0=",
        "type": "tarball",
        "url": "https://hackage.haskell.org/package/stylish-haskell-0.14.5.0/stylish-haskell-0.14.5.0.tar.gz"
      },
      "original": {
        "type": "tarball",
        "url": "https://hackage.haskell.org/package/stylish-haskell-0.14.5.0/stylish-haskell-0.14.5.0.tar.gz"
      }
    },
    "stylish-haskell-0145_2": {
      "flake": false,
      "locked": {
        "narHash": "sha256-EE7RFQ6q4Ek8daRgOpNMGepYLa9o8cM4OLjTNUSHQf0=",
        "type": "tarball",
        "url": "https://hackage.haskell.org/package/stylish-haskell-0.14.5.0/stylish-haskell-0.14.5.0.tar.gz"
      },
      "original": {
        "type": "tarball",
        "url": "https://hackage.haskell.org/package/stylish-haskell-0.14.5.0/stylish-haskell-0.14.5.0.tar.gz"
      }
    },
    "systems": {
      "locked": {
        "lastModified": 1681028828,
        "narHash": "sha256-Vy1rq5AaRuLzOxct8nz4T6wlgyUR7zLU309k9mBC768=",
        "owner": "nix-systems",
        "repo": "default",
        "rev": "da67096a3b9bf56a91d16901293e51ba5b49a27e",
        "type": "github"
      },
      "original": {
        "owner": "nix-systems",
        "repo": "default",
        "type": "github"
      }
    },
    "systems_2": {
      "locked": {
        "lastModified": 1681028828,
        "narHash": "sha256-Vy1rq5AaRuLzOxct8nz4T6wlgyUR7zLU309k9mBC768=",
        "owner": "nix-systems",
        "repo": "default",
        "rev": "da67096a3b9bf56a91d16901293e51ba5b49a27e",
        "type": "github"
      },
      "original": {
        "owner": "nix-systems",
        "repo": "default",
        "type": "github"
      }
    },
    "systems_3": {
      "locked": {
        "lastModified": 1681028828,
        "narHash": "sha256-Vy1rq5AaRuLzOxct8nz4T6wlgyUR7zLU309k9mBC768=",
        "owner": "nix-systems",
        "repo": "default",
        "rev": "da67096a3b9bf56a91d16901293e51ba5b49a27e",
        "type": "github"
      },
      "original": {
        "owner": "nix-systems",
        "repo": "default",
        "type": "github"
      }
    },
    "systems_4": {
      "locked": {
        "lastModified": 1681028828,
        "narHash": "sha256-Vy1rq5AaRuLzOxct8nz4T6wlgyUR7zLU309k9mBC768=",
        "owner": "nix-systems",
        "repo": "default",
        "rev": "da67096a3b9bf56a91d16901293e51ba5b49a27e",
        "type": "github"
      },
      "original": {
        "owner": "nix-systems",
        "repo": "default",
        "type": "github"
      }
    },
    "systems_5": {
      "locked": {
        "lastModified": 1681028828,
        "narHash": "sha256-Vy1rq5AaRuLzOxct8nz4T6wlgyUR7zLU309k9mBC768=",
        "owner": "nix-systems",
        "repo": "default",
        "rev": "da67096a3b9bf56a91d16901293e51ba5b49a27e",
        "type": "github"
      },
      "original": {
        "owner": "nix-systems",
        "repo": "default",
        "type": "github"
      }
    },
    "taffybar": {
      "inputs": {
        "flake-utils": [
          "flake-utils"
        ],
        "git-ignore-nix": [
          "git-ignore-nix"
        ],
        "gtk-sni-tray": [
          "gtk-sni-tray"
        ],
        "gtk-strut": [
          "gtk-strut"
        ],
        "haskell-language-server": "haskell-language-server_2",
        "nixpkgs": [
          "nixpkgs"
        ],
        "status-notifier-item": "status-notifier-item_2",
        "xmonad": [
          "xmonad"
        ]
      },
      "locked": {
        "lastModified": 1696612500,
        "narHash": "sha256-Q19F91yVQviqxgY+FkvEwtX2vcw414eVtK8erim0NrU=",
        "owner": "taffybar",
        "repo": "taffybar",
        "rev": "46eba89c2a4d4ffefe42c3ee4506d1b74c8e61fd",
        "type": "github"
      },
      "original": {
        "owner": "taffybar",
        "repo": "taffybar",
        "type": "github"
      }
    },
    "textgen-src": {
      "flake": false,
      "locked": {
        "lastModified": 1696789008,
        "narHash": "sha256-+V8XOVnEyImj+a8uCkZXEHXW8bTIBRlnfMcQfcZNgqg=",
        "owner": "oobabooga",
        "repo": "text-generation-webui",
        "rev": "2e471071af48e19867cfa522d2def44c24785c50",
        "type": "github"
      },
      "original": {
        "owner": "oobabooga",
        "ref": "v1.7",
        "repo": "text-generation-webui",
        "type": "github"
      }
    },
    "unstable": {
      "locked": {
        "lastModified": 1703013332,
        "narHash": "sha256-+tFNwMvlXLbJZXiMHqYq77z/RfmpfpiI3yjL6o/Zo9M=",
        "owner": "NixOS",
        "repo": "nixpkgs",
        "rev": "54aac082a4d9bb5bbc5c4e899603abfb76a3f6d6",
        "type": "github"
      },
      "original": {
        "owner": "NixOS",
        "ref": "nixos-unstable",
        "repo": "nixpkgs",
        "type": "github"
      }
    },
    "vscode-server": {
      "inputs": {
        "flake-utils": "flake-utils_5",
        "nixpkgs": "nixpkgs_8"
      },
      "locked": {
        "lastModified": 1684517665,
        "narHash": "sha256-SaAr66uCQ8CF75jIr23FZjk1+9Kfwm5sQnwV25206Gs=",
        "owner": "nix-community",
        "repo": "nixos-vscode-server",
        "rev": "1e1358493df6529d4c7bc4cc3066f76fd16d4ae6",
        "type": "github"
      },
      "original": {
        "owner": "nix-community",
        "repo": "nixos-vscode-server",
        "type": "github"
      }
    },
    "xmonad": {
      "inputs": {
        "flake-utils": [
          "flake-utils"
        ],
        "git-ignore-nix": [
          "git-ignore-nix"
        ],
        "nixpkgs": [
          "nixpkgs"
        ],
        "unstable": "unstable"
      },
      "locked": {
        "lastModified": 1702895348,
        "narHash": "sha256-ADRTw4DTfDCmsSFFWZKmvdmIjnEVY7pjjUxYytKXy1E=",
        "owner": "xmonad",
        "repo": "xmonad",
        "rev": "c4cf4715f736fed77fb2af622c0760259ac2cf43",
        "type": "github"
      },
      "original": {
        "owner": "xmonad",
        "repo": "xmonad",
        "type": "github"
      }
    },
    "xmonad-contrib": {
      "inputs": {
        "flake-utils": [
          "flake-utils"
        ],
        "git-ignore-nix": [
          "git-ignore-nix"
        ],
        "nixpkgs": [
          "nixpkgs"
        ],
        "xmonad": [
          "xmonad"
        ]
      },
      "locked": {
        "lastModified": 1702493150,
        "narHash": "sha256-PjnFv6RYFwYg7j3JoFAOy3iSzXIr+Y6Otp3sF+5jMSM=",
        "owner": "IvanMalison",
        "repo": "xmonad-contrib",
        "rev": "4461ee8ff9669e46eae52b4f5cc27e476dac79e8",
        "type": "github"
      },
      "original": {
        "owner": "IvanMalison",
        "ref": "withMyChanges",
        "repo": "xmonad-contrib",
        "type": "github"
      }
    }
  },
  "root": "root",
  "version": 7
}
