{
  "nodes": {
    "gitIgnoreNix": {
      "inputs": {
        "nixpkgs": "nixpkgs_2"
      },
      "locked": {
        "lastModified": 1626413882,
        "narHash": "sha256-ZHw1YVsrs7rG9jPEH0ZabbbCTdnVr48FAwK6GCQPSF4=",
        "owner": "IvanMalison",
        "repo": "gitignore.nix",
        "rev": "a2ffb0bfd0145ca57d792a6f9f76f5c305ca29b7",
        "type": "github"
      },
      "original": {
        "owner": "IvanMalison",
        "ref": "master",
        "repo": "gitignore.nix",
        "type": "github"
      }
    },
    "gitIgnoreNix_2": {
      "inputs": {
        "nixpkgs": "nixpkgs_3"
      },
      "locked": {
        "lastModified": 1626413882,
        "narHash": "sha256-ZHw1YVsrs7rG9jPEH0ZabbbCTdnVr48FAwK6GCQPSF4=",
        "owner": "IvanMalison",
        "repo": "gitignore.nix",
        "rev": "a2ffb0bfd0145ca57d792a6f9f76f5c305ca29b7",
        "type": "github"
      },
      "original": {
        "owner": "IvanMalison",
        "repo": "gitignore.nix",
        "type": "github"
      }
    },
    "gitIgnoreNix_3": {
      "inputs": {
        "nixpkgs": "nixpkgs_4"
      },
      "locked": {
        "lastModified": 1626413882,
        "narHash": "sha256-ZHw1YVsrs7rG9jPEH0ZabbbCTdnVr48FAwK6GCQPSF4=",
        "owner": "IvanMalison",
        "repo": "gitignore.nix",
        "rev": "a2ffb0bfd0145ca57d792a6f9f76f5c305ca29b7",
        "type": "github"
      },
      "original": {
        "owner": "IvanMalison",
        "repo": "gitignore.nix",
        "type": "github"
      }
    },
    "home-manager": {
      "inputs": {
        "nixpkgs": [
          "nixpkgs"
        ]
      },
      "locked": {
        "narHash": "sha256-OtY5KlTU1TOydDiFTjPx0lCZmfLwdWEagm0C1NROErU=",
        "path": "./home-manager",
        "type": "path"
      },
      "original": {
        "path": "./home-manager",
        "type": "path"
      }
    },
    "lowdown-src": {
      "flake": false,
      "locked": {
        "lastModified": 1617481909,
        "narHash": "sha256-SqnfOFuLuVRRNeVJr1yeEPJue/qWoCp5N6o5Kr///p4=",
        "owner": "kristapsdz",
        "repo": "lowdown",
        "rev": "148f9b2f586c41b7e36e73009db43ea68c7a1a4d",
        "type": "github"
      },
      "original": {
        "owner": "kristapsdz",
        "ref": "VERSION_0_8_4",
        "repo": "lowdown",
        "type": "github"
      }
    },
    "nix": {
      "inputs": {
        "lowdown-src": "lowdown-src",
        "nixpkgs": [
          "nixpkgs"
        ]
      },
      "locked": {
        "lastModified": 1626394428,
        "narHash": "sha256-KZpyYrZIRgzO9OnLXzCzNc0TqSsAQXapLAPAsQ20j0A=",
        "owner": "IvanMalison",
        "repo": "nix",
        "rev": "f92beacb67d4c2cfe1c0080fe351d5fd4d45eae8",
        "type": "github"
      },
      "original": {
        "owner": "IvanMalison",
        "ref": "master",
        "repo": "nix",
        "type": "github"
      }
    },
    "nixos-hardware": {
      "locked": {
        "lastModified": 1625333638,
        "narHash": "sha256-M6J9RN60XJyv6nUfDFCwnz5aVjhe8+GJnV8Q9VpdQQQ=",
        "owner": "nixos",
        "repo": "nixos-hardware",
        "rev": "41775780a0b6b32b3d32dcc32bb9bc6df809062d",
        "type": "github"
      },
      "original": {
        "owner": "nixos",
        "repo": "nixos-hardware",
        "type": "github"
      }
    },
    "nixpkgs": {
      "locked": {
        "narHash": "sha256-vBvIKuTZfH6H62RTomwSLCg0HwTsTzGsd0WCfxsuB7U=",
        "path": "./nixpkgs",
        "type": "path"
      },
      "original": {
        "path": "./nixpkgs",
        "type": "path"
      }
    },
    "nixpkgs_2": {
      "locked": {
        "narHash": "sha256-eRDWIO61MIEZs/ftS1dp5fqdJQr3yTcfzBrYcC3k31M=",
        "path": "/nix/store/cbpvh4ldqsjfvvlmxcq81kn3y2dnvwkw-source",
        "type": "path"
      },
      "original": {
        "id": "nixpkgs",
        "type": "indirect"
      }
    },
    "nixpkgs_3": {
      "locked": {
        "narHash": "sha256-eRDWIO61MIEZs/ftS1dp5fqdJQr3yTcfzBrYcC3k31M=",
        "path": "/nix/store/cbpvh4ldqsjfvvlmxcq81kn3y2dnvwkw-source",
        "type": "path"
      },
      "original": {
        "id": "nixpkgs",
        "type": "indirect"
      }
    },
    "nixpkgs_4": {
      "locked": {
        "narHash": "sha256-eRDWIO61MIEZs/ftS1dp5fqdJQr3yTcfzBrYcC3k31M=",
        "path": "/nix/store/cbpvh4ldqsjfvvlmxcq81kn3y2dnvwkw-source",
        "type": "path"
      },
      "original": {
        "id": "nixpkgs",
        "type": "indirect"
      }
    },
    "root": {
      "inputs": {
        "home-manager": "home-manager",
        "nix": "nix",
        "nixos-hardware": "nixos-hardware",
        "nixpkgs": "nixpkgs",
        "taffybar": "taffybar",
        "xmonad": "xmonad",
        "xmonad-contrib": "xmonad-contrib"
      }
    },
    "taffybar": {
      "inputs": {
        "gitIgnoreNix": "gitIgnoreNix",
        "nixpkgs": [
          "nixpkgs"
        ]
      },
      "locked": {
        "narHash": "sha256-6YDz7kCm5jMrSqWMNw9OS3N66v84ZOe5LCl1iFLoPtE=",
        "path": "../dotfiles/config/taffybar/taffybar",
        "type": "path"
      },
      "original": {
        "path": "../dotfiles/config/taffybar/taffybar",
        "type": "path"
      }
    },
    "xmonad": {
      "inputs": {
        "gitIgnoreNix": "gitIgnoreNix_2",
        "nixpkgs": [
          "nixpkgs"
        ]
      },
      "locked": {
        "narHash": "sha256-tRk4foS5QiPx/GwTSl6+lfY15d1Y3822DjDxqMHjf34=",
        "path": "../dotfiles/config/xmonad/xmonad",
        "type": "path"
      },
      "original": {
        "path": "../dotfiles/config/xmonad/xmonad",
        "type": "path"
      }
    },
    "xmonad-contrib": {
      "inputs": {
        "gitIgnoreNix": "gitIgnoreNix_3",
        "nixpkgs": [
          "nixpkgs"
        ]
      },
      "locked": {
        "narHash": "sha256-jbikN00AydMA542fcPuVgMcVobagwf6/Wbgj804PjYA=",
        "path": "../dotfiles/config/xmonad/xmonad-contrib",
        "type": "path"
      },
      "original": {
        "path": "../dotfiles/config/xmonad/xmonad-contrib",
        "type": "path"
      }
    }
  },
  "root": "root",
  "version": 7
}
